
Microsoft Visual Studio Solution File, Format Version 12.00
# Visual Studio Version 16
VisualStudioVersion = 16.0.33328.57
MinimumVisualStudioVersion = 10.0.40219.1
Project("{FAE04EC0-301F-11D3-BF4B-00C04F79EFBC}") = "CV_json_reader", "CV_json_reader.csproj", "{B9B579C1-1388-4D29-8C9C-6C43FE42550A}"
EndProject
Global
	GlobalSection(SolutionConfigurationPlatforms) = preSolution
		Debug|Any CPU = Debug|Any CPU
		Release|Any CPU = Release|Any CPU
	EndGlobalSection
	GlobalSection(ProjectConfigurationPlatforms) = postSolution
		{B9B579C1-1388-4D29-8C9C-6C43FE42550A}.Debug|Any CPU.ActiveCfg = Debug|Any CPU
		{B9B579C1-1388-4D29-8C9C-6C43FE42550A}.Debug|Any CPU.Build.0 = Debug|Any CPU
		{B9B579C1-1388-4D29-8C9C-6C43FE42550A}.Release|Any CPU.ActiveCfg = Release|Any CPU
		{B9B579C1-1388-4D29-8C9C-6C43FE42550A}.Release|Any CPU.Build.0 = Release|Any CPU
	EndGlobalSection
	GlobalSection(SolutionProperties) = preSolution
		HideSolutionNode = FALSE
	EndGlobalSection
	GlobalSection(ExtensibilityGlobals) = postSolution
		SolutionGuid = {32D73EF7-FCCB-4ADF-A8B1-A7BB1D9D02FC}
	EndGlobalSection
EndGlobal
